
Microsoft Visual Studio Solution File, Format Version 12.00
# Visual Studio Version 16
VisualStudioVersion = 16.0.30114.105
MinimumVisualStudioVersion = 10.0.40219.1
Project("{2150E333-8FDC-42A3-9474-1A3956D46DE8}") = "modules", "modules", "{682A9C61-5D3D-466E-9EAF-C1ABF01F99D8}"
EndProject
Project("{2150E333-8FDC-42A3-9474-1A3956D46DE8}") = "shared", "shared", "{93B400D7-1E45-435D-935F-7DE6F032070A}"
ProjectSection(SolutionItems) = preProject
	docker-compose.yml = docker-compose.yml
EndProjectSection
EndProject
Project("{2150E333-8FDC-42A3-9474-1A3956D46DE8}") = "order-manager", "order-manager", "{4F6B9B90-B516-4E61-860E-6B2F3F90B2B6}"
EndProject
Project("{FAE04EC0-301F-11D3-BF4B-00C04F79EFBC}") = "PlantBasedPizza.Shared", "src\shared\PlantBasedPizza.Shared\PlantBasedPizza.Shared.csproj", "{179E35BF-4F04-4660-8F82-413DA572E7F4}"
EndProject
Project("{2150E333-8FDC-42A3-9474-1A3956D46DE8}") = "deliver", "deliver", "{AADF0FBF-07D5-4D18-9D2B-F464A66FB404}"
EndProject
Project("{2150E333-8FDC-42A3-9474-1A3956D46DE8}") = "recipes", "recipes", "{58236992-81BC-446A-814B-95D5D101A705}"
EndProject
Project("{FAE04EC0-301F-11D3-BF4B-00C04F79EFBC}") = "PlantBasedPizza.Deliver.Core", "src\PlantBasedPizza.Api\modules\deliver\PlantBasedPizza.Deliver.Core\PlantBasedPizza.Deliver.Core.csproj", "{1845E5B1-181C-458D-A51D-04549FEE5CEA}"
EndProject
Project("{FAE04EC0-301F-11D3-BF4B-00C04F79EFBC}") = "PlantBasedPizza.Deliver.Infrastructure", "src\PlantBasedPizza.Api\modules\deliver\PlantBasedPizza.Deliver.Infrastructure\PlantBasedPizza.Deliver.Infrastructure.csproj", "{C7E0D15F-962D-4979-98BA-E9E037129326}"
EndProject
Project("{FAE04EC0-301F-11D3-BF4B-00C04F79EFBC}") = "PlantBasedPizza.OrderManager.Core", "src\PlantBasedPizza.Api\modules\order-manager\PlantBasedPizza.OrderManager.Core\PlantBasedPizza.OrderManager.Core.csproj", "{AC868F62-730C-4F4A-9AAB-DCDE70EA6FBD}"
EndProject
Project("{FAE04EC0-301F-11D3-BF4B-00C04F79EFBC}") = "PlantBasedPizza.OrderManager.Infrastructure", "src\PlantBasedPizza.Api\modules\order-manager\PlantBasedPizza.OrderManager.Infrastructure\PlantBasedPizza.OrderManager.Infrastructure.csproj", "{D88A93D9-9419-4270-936F-8701322B87D9}"
EndProject
Project("{FAE04EC0-301F-11D3-BF4B-00C04F79EFBC}") = "PlantBasedPizza.Recipes.Core", "src\PlantBasedPizza.Api\modules\recipes\PlantBasedPizza.Recipes.Core\PlantBasedPizza.Recipes.Core.csproj", "{44A6F600-FB7F-4ECD-955C-D31AAC9B63CD}"
EndProject
Project("{FAE04EC0-301F-11D3-BF4B-00C04F79EFBC}") = "PlantBasedPizza.Recipes.Infrastructure", "src\PlantBasedPizza.Api\modules\recipes\PlantBasedPizza.Recipes.Infrastructure\PlantBasedPizza.Recipes.Infrastructure.csproj", "{105637E9-08EF-4343-8065-3B35E5648046}"
EndProject
Project("{2150E333-8FDC-42A3-9474-1A3956D46DE8}") = "tests", "tests", "{E630CA1B-339D-4697-9FFF-AB9D64C9507D}"
ProjectSection(SolutionItems) = preProject
	acceptance.sh = acceptance.sh
	commit.sh = commit.sh
EndProjectSection
EndProject
Project("{2150E333-8FDC-42A3-9474-1A3956D46DE8}") = "applications", "applications", "{3A26A029-7C47-4975-AA1F-52384C345FCD}"
	ProjectSection(SolutionItems) = preProject
		docker-compose.yml = docker-compose.yml
		src\PlantBasedPizza.Api\application\PlantBasedPizza.Api\Dockerfile = src\PlantBasedPizza.Api\application\PlantBasedPizza.Api\Dockerfile
	EndProjectSection
EndProject
Project("{FAE04EC0-301F-11D3-BF4B-00C04F79EFBC}") = "PlantBasedPizza.Api", "src\PlantBasedPizza.Api\application\PlantBasedPizza.Api\PlantBasedPizza.Api.csproj", "{77042AE0-1337-4133-9073-A7C33EBD3DCC}"
EndProject
Project("{2150E333-8FDC-42A3-9474-1A3956D46DE8}") = "kitchen", "kitchen", "{22DC111E-0E05-48BD-B40C-24B6848075C2}"
EndProject
Project("{FAE04EC0-301F-11D3-BF4B-00C04F79EFBC}") = "PlantBasedPizza.Kitchen.Core", "src\PlantBasedPizza.Api\modules\kitchen\PlantBasedPizza.Kitchen.Core\PlantBasedPizza.Kitchen.Core.csproj", "{9D3A9574-D5AA-40F9-99D5-62597FC5DF60}"
EndProject
Project("{FAE04EC0-301F-11D3-BF4B-00C04F79EFBC}") = "PlantBasedPizza.Kitchen.Infrastructure", "src\PlantBasedPizza.Api\modules\kitchen\PlantBasedPizza.Kitchen.Infrastructure\PlantBasedPizza.Kitchen.Infrastructure.csproj", "{256FCDB5-2230-492A-BE42-58E57DDCCE09}"
EndProject
Project("{FAE04EC0-301F-11D3-BF4B-00C04F79EFBC}") = "PlantBasedPizza.Events", "src\shared\PlantBasedPizza.Events\PlantBasedPizza.Events.csproj", "{3A09684B-8D40-44A0-8CD1-0BEE41F0FB07}"
EndProject
Project("{FAE04EC0-301F-11D3-BF4B-00C04F79EFBC}") = "PlantBasedPizza.UnitTest", "src\PlantBasedPizza.Api\tests\PlantBasedPizza.UnitTest\PlantBasedPizza.UnitTest.csproj", "{738353DC-925A-46E0-AACD-D9090E26564B}"
EndProject
Project("{FAE04EC0-301F-11D3-BF4B-00C04F79EFBC}") = "PlantBasedPizza.IntegrationTests", "src\PlantBasedPizza.Api\tests\PlantBasedPizza.IntegrationTests\PlantBasedPizza.IntegrationTests.csproj", "{CFADAAB9-64E1-42A6-8F09-CE5A328F076F}"
EndProject
Project("{2150E333-8FDC-42A3-9474-1A3956D46DE8}") = "PlantBasedPizza.Api", "PlantBasedPizza.Api", "{07E71142-470D-4AAF-82A8-2BF9AFA34EA6}"
EndProject
Project("{2150E333-8FDC-42A3-9474-1A3956D46DE8}") = "PlantBasedPizza.LoyaltyPoints", "PlantBasedPizza.LoyaltyPoints", "{A58FCAD4-DD5B-4B39-B5C7-A1123CFEE5DD}"
EndProject
Project("{FAE04EC0-301F-11D3-BF4B-00C04F79EFBC}") = "PlantBasedPizza.LoyaltyPoints", "src\PlantBasedPizza.LoyaltyPoints\application\PlantBasedPizza.LoyaltyPoints.csproj", "{7400815E-5023-408D-B452-2B403FB3E9D4}"
EndProject
Project("{FAE04EC0-301F-11D3-BF4B-00C04F79EFBC}") = "PlantBasedPizza.LoyaltyPoints.UnitTest", "src\PlantBasedPizza.LoyaltyPoints\tests\PlantBasedPizza.LoyaltyPoints.UnitTest\PlantBasedPizza.LoyaltyPoints.UnitTest.csproj", "{EE3C33DB-1C7D-49FF-A85A-6CD1B499DFBC}"
EndProject
Project("{FAE04EC0-301F-11D3-BF4B-00C04F79EFBC}") = "PlantBasedPizza.LoyaltyPoints.IntegrationTest", "src\PlantBasedPizza.LoyaltyPoints\tests\PlantBasedPizza.LoyaltyPoints.IntegrationTest\PlantBasedPizza.LoyaltyPoints.IntegrationTest.csproj", "{58F2C75A-FC62-430C-BB64-974FDD005C90}"
EndProject
Project("{FAE04EC0-301F-11D3-BF4B-00C04F79EFBC}") = "PlantBasedPizza.Recipes.DataTransfer", "src\PlantBasedPizza.Api\modules\recipes\PlantBasedPizza.Recipes.DataTransfer\PlantBasedPizza.Recipes.DataTransfer.csproj", "{11DD1F7E-D007-4ABA-9EB7-115957C76AAD}"
EndProject
Project("{FAE04EC0-301F-11D3-BF4B-00C04F79EFBC}") = "PlantBasedPizza.OrderManager.DataTransfer", "src\PlantBasedPizza.Api\modules\order-manager\PlantBasedPizza.OrderManager.DataTransfer\PlantBasedPizza.OrderManager.DataTransfer.csproj", "{2630CB86-018A-4EE6-9EF7-5E81551AD6C0}"
EndProject
Project("{2150E333-8FDC-42A3-9474-1A3956D46DE8}") = "infra", "infra", "{E036394A-EB67-4FC8-9C66-3385053F69E9}"
EndProject
Project("{2150E333-8FDC-42A3-9474-1A3956D46DE8}") = "aws", "aws", "{B6E7DB2D-5CF0-4C43-B515-77A38E9FA1D5}"
EndProject
Project("{2150E333-8FDC-42A3-9474-1A3956D46DE8}") = "azure", "azure", "{32AD6217-49BB-4387-B0CB-46BDABA54449}"
	ProjectSection(SolutionItems) = preProject
		azure\variables.tf = azure\variables.tf
		azure\data.tf = azure\data.tf
		azure\identity.tf = azure\identity.tf
		azure\main.tf = azure\main.tf
		azure\provider.tf = azure\provider.tf
		azure\pubsub.tf = azure\pubsub.tf
	EndProjectSection
EndProject
Project("{FAE04EC0-301F-11D3-BF4B-00C04F79EFBC}") = "AwsInfrastructure", "aws\src\AwsInfrastructure\AwsInfrastructure.csproj", "{87FEC115-921F-4604-9555-81E2F25629DD}"
EndProject
Global
	GlobalSection(SolutionConfigurationPlatforms) = preSolution
		Debug|Any CPU = Debug|Any CPU
		Release|Any CPU = Release|Any CPU
	EndGlobalSection
	GlobalSection(SolutionProperties) = preSolution
		HideSolutionNode = FALSE
	EndGlobalSection
	GlobalSection(NestedProjects) = preSolution
		{4F6B9B90-B516-4E61-860E-6B2F3F90B2B6} = {682A9C61-5D3D-466E-9EAF-C1ABF01F99D8}
		{179E35BF-4F04-4660-8F82-413DA572E7F4} = {93B400D7-1E45-435D-935F-7DE6F032070A}
		{AADF0FBF-07D5-4D18-9D2B-F464A66FB404} = {682A9C61-5D3D-466E-9EAF-C1ABF01F99D8}
		{58236992-81BC-446A-814B-95D5D101A705} = {682A9C61-5D3D-466E-9EAF-C1ABF01F99D8}
		{1845E5B1-181C-458D-A51D-04549FEE5CEA} = {AADF0FBF-07D5-4D18-9D2B-F464A66FB404}
		{C7E0D15F-962D-4979-98BA-E9E037129326} = {AADF0FBF-07D5-4D18-9D2B-F464A66FB404}
		{AC868F62-730C-4F4A-9AAB-DCDE70EA6FBD} = {4F6B9B90-B516-4E61-860E-6B2F3F90B2B6}
		{D88A93D9-9419-4270-936F-8701322B87D9} = {4F6B9B90-B516-4E61-860E-6B2F3F90B2B6}
		{44A6F600-FB7F-4ECD-955C-D31AAC9B63CD} = {58236992-81BC-446A-814B-95D5D101A705}
		{105637E9-08EF-4343-8065-3B35E5648046} = {58236992-81BC-446A-814B-95D5D101A705}
		{77042AE0-1337-4133-9073-A7C33EBD3DCC} = {3A26A029-7C47-4975-AA1F-52384C345FCD}
		{22DC111E-0E05-48BD-B40C-24B6848075C2} = {682A9C61-5D3D-466E-9EAF-C1ABF01F99D8}
		{9D3A9574-D5AA-40F9-99D5-62597FC5DF60} = {22DC111E-0E05-48BD-B40C-24B6848075C2}
		{256FCDB5-2230-492A-BE42-58E57DDCCE09} = {22DC111E-0E05-48BD-B40C-24B6848075C2}
		{3A09684B-8D40-44A0-8CD1-0BEE41F0FB07} = {93B400D7-1E45-435D-935F-7DE6F032070A}
		{738353DC-925A-46E0-AACD-D9090E26564B} = {E630CA1B-339D-4697-9FFF-AB9D64C9507D}
		{CFADAAB9-64E1-42A6-8F09-CE5A328F076F} = {E630CA1B-339D-4697-9FFF-AB9D64C9507D}
		{3A26A029-7C47-4975-AA1F-52384C345FCD} = {07E71142-470D-4AAF-82A8-2BF9AFA34EA6}
		{682A9C61-5D3D-466E-9EAF-C1ABF01F99D8} = {07E71142-470D-4AAF-82A8-2BF9AFA34EA6}
		{E630CA1B-339D-4697-9FFF-AB9D64C9507D} = {07E71142-470D-4AAF-82A8-2BF9AFA34EA6}
		{7400815E-5023-408D-B452-2B403FB3E9D4} = {A58FCAD4-DD5B-4B39-B5C7-A1123CFEE5DD}
		{EE3C33DB-1C7D-49FF-A85A-6CD1B499DFBC} = {A58FCAD4-DD5B-4B39-B5C7-A1123CFEE5DD}
		{58F2C75A-FC62-430C-BB64-974FDD005C90} = {A58FCAD4-DD5B-4B39-B5C7-A1123CFEE5DD}
		{11DD1F7E-D007-4ABA-9EB7-115957C76AAD} = {58236992-81BC-446A-814B-95D5D101A705}
		{2630CB86-018A-4EE6-9EF7-5E81551AD6C0} = {4F6B9B90-B516-4E61-860E-6B2F3F90B2B6}
		{B6E7DB2D-5CF0-4C43-B515-77A38E9FA1D5} = {E036394A-EB67-4FC8-9C66-3385053F69E9}
		{32AD6217-49BB-4387-B0CB-46BDABA54449} = {E036394A-EB67-4FC8-9C66-3385053F69E9}
		{87FEC115-921F-4604-9555-81E2F25629DD} = {B6E7DB2D-5CF0-4C43-B515-77A38E9FA1D5}
	EndGlobalSection
	GlobalSection(ProjectConfigurationPlatforms) = postSolution
		{179E35BF-4F04-4660-8F82-413DA572E7F4}.Debug|Any CPU.ActiveCfg = Debug|Any CPU
		{179E35BF-4F04-4660-8F82-413DA572E7F4}.Debug|Any CPU.Build.0 = Debug|Any CPU
		{179E35BF-4F04-4660-8F82-413DA572E7F4}.Release|Any CPU.ActiveCfg = Release|Any CPU
		{179E35BF-4F04-4660-8F82-413DA572E7F4}.Release|Any CPU.Build.0 = Release|Any CPU
		{1845E5B1-181C-458D-A51D-04549FEE5CEA}.Debug|Any CPU.ActiveCfg = Debug|Any CPU
		{1845E5B1-181C-458D-A51D-04549FEE5CEA}.Debug|Any CPU.Build.0 = Debug|Any CPU
		{1845E5B1-181C-458D-A51D-04549FEE5CEA}.Release|Any CPU.ActiveCfg = Release|Any CPU
		{1845E5B1-181C-458D-A51D-04549FEE5CEA}.Release|Any CPU.Build.0 = Release|Any CPU
		{C7E0D15F-962D-4979-98BA-E9E037129326}.Debug|Any CPU.ActiveCfg = Debug|Any CPU
		{C7E0D15F-962D-4979-98BA-E9E037129326}.Debug|Any CPU.Build.0 = Debug|Any CPU
		{C7E0D15F-962D-4979-98BA-E9E037129326}.Release|Any CPU.ActiveCfg = Release|Any CPU
		{C7E0D15F-962D-4979-98BA-E9E037129326}.Release|Any CPU.Build.0 = Release|Any CPU
		{AC868F62-730C-4F4A-9AAB-DCDE70EA6FBD}.Debug|Any CPU.ActiveCfg = Debug|Any CPU
		{AC868F62-730C-4F4A-9AAB-DCDE70EA6FBD}.Debug|Any CPU.Build.0 = Debug|Any CPU
		{AC868F62-730C-4F4A-9AAB-DCDE70EA6FBD}.Release|Any CPU.ActiveCfg = Release|Any CPU
		{AC868F62-730C-4F4A-9AAB-DCDE70EA6FBD}.Release|Any CPU.Build.0 = Release|Any CPU
		{D88A93D9-9419-4270-936F-8701322B87D9}.Debug|Any CPU.ActiveCfg = Debug|Any CPU
		{D88A93D9-9419-4270-936F-8701322B87D9}.Debug|Any CPU.Build.0 = Debug|Any CPU
		{D88A93D9-9419-4270-936F-8701322B87D9}.Release|Any CPU.ActiveCfg = Release|Any CPU
		{D88A93D9-9419-4270-936F-8701322B87D9}.Release|Any CPU.Build.0 = Release|Any CPU
		{44A6F600-FB7F-4ECD-955C-D31AAC9B63CD}.Debug|Any CPU.ActiveCfg = Debug|Any CPU
		{44A6F600-FB7F-4ECD-955C-D31AAC9B63CD}.Debug|Any CPU.Build.0 = Debug|Any CPU
		{44A6F600-FB7F-4ECD-955C-D31AAC9B63CD}.Release|Any CPU.ActiveCfg = Release|Any CPU
		{44A6F600-FB7F-4ECD-955C-D31AAC9B63CD}.Release|Any CPU.Build.0 = Release|Any CPU
		{105637E9-08EF-4343-8065-3B35E5648046}.Debug|Any CPU.ActiveCfg = Debug|Any CPU
		{105637E9-08EF-4343-8065-3B35E5648046}.Debug|Any CPU.Build.0 = Debug|Any CPU
		{105637E9-08EF-4343-8065-3B35E5648046}.Release|Any CPU.ActiveCfg = Release|Any CPU
		{105637E9-08EF-4343-8065-3B35E5648046}.Release|Any CPU.Build.0 = Release|Any CPU
		{77042AE0-1337-4133-9073-A7C33EBD3DCC}.Debug|Any CPU.ActiveCfg = Debug|Any CPU
		{77042AE0-1337-4133-9073-A7C33EBD3DCC}.Debug|Any CPU.Build.0 = Debug|Any CPU
		{77042AE0-1337-4133-9073-A7C33EBD3DCC}.Release|Any CPU.ActiveCfg = Release|Any CPU
		{77042AE0-1337-4133-9073-A7C33EBD3DCC}.Release|Any CPU.Build.0 = Release|Any CPU
		{9D3A9574-D5AA-40F9-99D5-62597FC5DF60}.Debug|Any CPU.ActiveCfg = Debug|Any CPU
		{9D3A9574-D5AA-40F9-99D5-62597FC5DF60}.Debug|Any CPU.Build.0 = Debug|Any CPU
		{9D3A9574-D5AA-40F9-99D5-62597FC5DF60}.Release|Any CPU.ActiveCfg = Release|Any CPU
		{9D3A9574-D5AA-40F9-99D5-62597FC5DF60}.Release|Any CPU.Build.0 = Release|Any CPU
		{256FCDB5-2230-492A-BE42-58E57DDCCE09}.Debug|Any CPU.ActiveCfg = Debug|Any CPU
		{256FCDB5-2230-492A-BE42-58E57DDCCE09}.Debug|Any CPU.Build.0 = Debug|Any CPU
		{256FCDB5-2230-492A-BE42-58E57DDCCE09}.Release|Any CPU.ActiveCfg = Release|Any CPU
		{256FCDB5-2230-492A-BE42-58E57DDCCE09}.Release|Any CPU.Build.0 = Release|Any CPU
		{3A09684B-8D40-44A0-8CD1-0BEE41F0FB07}.Debug|Any CPU.ActiveCfg = Debug|Any CPU
		{3A09684B-8D40-44A0-8CD1-0BEE41F0FB07}.Debug|Any CPU.Build.0 = Debug|Any CPU
		{3A09684B-8D40-44A0-8CD1-0BEE41F0FB07}.Release|Any CPU.ActiveCfg = Release|Any CPU
		{3A09684B-8D40-44A0-8CD1-0BEE41F0FB07}.Release|Any CPU.Build.0 = Release|Any CPU
		{738353DC-925A-46E0-AACD-D9090E26564B}.Debug|Any CPU.ActiveCfg = Debug|Any CPU
		{738353DC-925A-46E0-AACD-D9090E26564B}.Debug|Any CPU.Build.0 = Debug|Any CPU
		{738353DC-925A-46E0-AACD-D9090E26564B}.Release|Any CPU.ActiveCfg = Release|Any CPU
		{738353DC-925A-46E0-AACD-D9090E26564B}.Release|Any CPU.Build.0 = Release|Any CPU
		{CFADAAB9-64E1-42A6-8F09-CE5A328F076F}.Debug|Any CPU.ActiveCfg = Debug|Any CPU
		{CFADAAB9-64E1-42A6-8F09-CE5A328F076F}.Debug|Any CPU.Build.0 = Debug|Any CPU
		{CFADAAB9-64E1-42A6-8F09-CE5A328F076F}.Release|Any CPU.ActiveCfg = Release|Any CPU
		{CFADAAB9-64E1-42A6-8F09-CE5A328F076F}.Release|Any CPU.Build.0 = Release|Any CPU
		{7400815E-5023-408D-B452-2B403FB3E9D4}.Debug|Any CPU.ActiveCfg = Debug|Any CPU
		{7400815E-5023-408D-B452-2B403FB3E9D4}.Debug|Any CPU.Build.0 = Debug|Any CPU
		{7400815E-5023-408D-B452-2B403FB3E9D4}.Release|Any CPU.ActiveCfg = Release|Any CPU
		{7400815E-5023-408D-B452-2B403FB3E9D4}.Release|Any CPU.Build.0 = Release|Any CPU
		{EE3C33DB-1C7D-49FF-A85A-6CD1B499DFBC}.Debug|Any CPU.ActiveCfg = Debug|Any CPU
		{EE3C33DB-1C7D-49FF-A85A-6CD1B499DFBC}.Debug|Any CPU.Build.0 = Debug|Any CPU
		{EE3C33DB-1C7D-49FF-A85A-6CD1B499DFBC}.Release|Any CPU.ActiveCfg = Release|Any CPU
		{EE3C33DB-1C7D-49FF-A85A-6CD1B499DFBC}.Release|Any CPU.Build.0 = Release|Any CPU
		{58F2C75A-FC62-430C-BB64-974FDD005C90}.Debug|Any CPU.ActiveCfg = Debug|Any CPU
		{58F2C75A-FC62-430C-BB64-974FDD005C90}.Debug|Any CPU.Build.0 = Debug|Any CPU
		{58F2C75A-FC62-430C-BB64-974FDD005C90}.Release|Any CPU.ActiveCfg = Release|Any CPU
		{58F2C75A-FC62-430C-BB64-974FDD005C90}.Release|Any CPU.Build.0 = Release|Any CPU
		{11DD1F7E-D007-4ABA-9EB7-115957C76AAD}.Debug|Any CPU.ActiveCfg = Debug|Any CPU
		{11DD1F7E-D007-4ABA-9EB7-115957C76AAD}.Debug|Any CPU.Build.0 = Debug|Any CPU
		{11DD1F7E-D007-4ABA-9EB7-115957C76AAD}.Release|Any CPU.ActiveCfg = Release|Any CPU
		{11DD1F7E-D007-4ABA-9EB7-115957C76AAD}.Release|Any CPU.Build.0 = Release|Any CPU
		{2630CB86-018A-4EE6-9EF7-5E81551AD6C0}.Debug|Any CPU.ActiveCfg = Debug|Any CPU
		{2630CB86-018A-4EE6-9EF7-5E81551AD6C0}.Debug|Any CPU.Build.0 = Debug|Any CPU
		{2630CB86-018A-4EE6-9EF7-5E81551AD6C0}.Release|Any CPU.ActiveCfg = Release|Any CPU
		{2630CB86-018A-4EE6-9EF7-5E81551AD6C0}.Release|Any CPU.Build.0 = Release|Any CPU
		{87FEC115-921F-4604-9555-81E2F25629DD}.Debug|Any CPU.ActiveCfg = Debug|Any CPU
		{87FEC115-921F-4604-9555-81E2F25629DD}.Debug|Any CPU.Build.0 = Debug|Any CPU
		{87FEC115-921F-4604-9555-81E2F25629DD}.Release|Any CPU.ActiveCfg = Release|Any CPU
		{87FEC115-921F-4604-9555-81E2F25629DD}.Release|Any CPU.Build.0 = Release|Any CPU
	EndGlobalSection
EndGlobal
