
Microsoft Visual Studio Solution File, Format Version 12.00
# Visual Studio Version 17
VisualStudioVersion = 17.5.002.0
MinimumVisualStudioVersion = 10.0.40219.1
Project("{2150E333-8FDC-42A3-9474-1A3956D46DE8}") = "tests", "tests", "{83413885-5F3F-43A7-93E8-10421D3D4BD4}"
EndProject
Project("{9A19103F-16F7-4668-BE54-9A1E7A4F7556}") = "PlantBasedPizza.Payments.UnitTests", "tests\PlantBasedPizza.Payments.UnitTests\PlantBasedPizza.Payments.UnitTests.csproj", "{F75ADB06-3307-4684-8FC5-54B98F878064}"
EndProject
Project("{9A19103F-16F7-4668-BE54-9A1E7A4F7556}") = "PlantBasedPizza.Payments.IntegrationTests", "tests\PlantBasedPizza.Payments.IntegrationTests\PlantBasedPizza.Payments.IntegrationTests.csproj", "{8144FBC7-12D4-4979-BDFA-6057255310F1}"
EndProject
Project("{2150E333-8FDC-42A3-9474-1A3956D46DE8}") = "application", "application", "{C157012B-897C-419E-8433-878691B52F7B}"
	ProjectSection(SolutionItems) = preProject
		docker-compose-integration.yml = docker-compose-integration.yml
		docker-compose.yml = docker-compose.yml
		Makefile = Makefile
	EndProjectSection
EndProject
Project("{9A19103F-16F7-4668-BE54-9A1E7A4F7556}") = "PlantBasedPizza.Payments", "application\PlantBasedPizza.Payments\PlantBasedPizza.Payments.csproj", "{A030B14B-595E-47E2-83A8-23A1D187AADC}"
EndProject
Project("{2150E333-8FDC-42A3-9474-1A3956D46DE8}") = "components", "components", "{08D6C982-7FF0-4321-AADA-C1FD7D115112}"
	ProjectSection(SolutionItems) = preProject
		components\configuration.yaml = components\configuration.yaml
		components\payments-pubsub.yaml = components\payments-pubsub.yaml
	EndProjectSection
EndProject
Global
	GlobalSection(SolutionConfigurationPlatforms) = preSolution
		Debug|Any CPU = Debug|Any CPU
		Release|Any CPU = Release|Any CPU
	EndGlobalSection
	GlobalSection(ProjectConfigurationPlatforms) = postSolution
		{F75ADB06-3307-4684-8FC5-54B98F878064}.Debug|Any CPU.ActiveCfg = Debug|Any CPU
		{F75ADB06-3307-4684-8FC5-54B98F878064}.Debug|Any CPU.Build.0 = Debug|Any CPU
		{F75ADB06-3307-4684-8FC5-54B98F878064}.Release|Any CPU.ActiveCfg = Release|Any CPU
		{F75ADB06-3307-4684-8FC5-54B98F878064}.Release|Any CPU.Build.0 = Release|Any CPU
		{8144FBC7-12D4-4979-BDFA-6057255310F1}.Debug|Any CPU.ActiveCfg = Debug|Any CPU
		{8144FBC7-12D4-4979-BDFA-6057255310F1}.Debug|Any CPU.Build.0 = Debug|Any CPU
		{8144FBC7-12D4-4979-BDFA-6057255310F1}.Release|Any CPU.ActiveCfg = Release|Any CPU
		{8144FBC7-12D4-4979-BDFA-6057255310F1}.Release|Any CPU.Build.0 = Release|Any CPU
		{A030B14B-595E-47E2-83A8-23A1D187AADC}.Debug|Any CPU.ActiveCfg = Debug|Any CPU
		{A030B14B-595E-47E2-83A8-23A1D187AADC}.Debug|Any CPU.Build.0 = Debug|Any CPU
		{A030B14B-595E-47E2-83A8-23A1D187AADC}.Release|Any CPU.ActiveCfg = Release|Any CPU
		{A030B14B-595E-47E2-83A8-23A1D187AADC}.Release|Any CPU.Build.0 = Release|Any CPU
	EndGlobalSection
	GlobalSection(SolutionProperties) = preSolution
		HideSolutionNode = FALSE
	EndGlobalSection
	GlobalSection(NestedProjects) = preSolution
		{F75ADB06-3307-4684-8FC5-54B98F878064} = {83413885-5F3F-43A7-93E8-10421D3D4BD4}
		{8144FBC7-12D4-4979-BDFA-6057255310F1} = {83413885-5F3F-43A7-93E8-10421D3D4BD4}
		{A030B14B-595E-47E2-83A8-23A1D187AADC} = {C157012B-897C-419E-8433-878691B52F7B}
	EndGlobalSection
	GlobalSection(ExtensibilityGlobals) = postSolution
		SolutionGuid = {7D56F0E7-4ABE-4B97-AACD-7814EAAE4DC9}
	EndGlobalSection
EndGlobal
