Microsoft Visual Studio Solution File, Format Version 12.00
# Visual Studio Version 17
VisualStudioVersion = 17.5.2.0
MinimumVisualStudioVersion = 10.0.40219.1
Project("{FAE04EC0-301F-11D3-BF4B-00C04F79EFBC}") = "PlantBasedPizza.Pulumi", "PlantBasedPizza.Pulumi.csproj", "{31F5BEDC-FC23-D526-B6AC-39C368C076EA}"
EndProject
Global
	GlobalSection(SolutionConfigurationPlatforms) = preSolution
		Debug|Any CPU = Debug|Any CPU
		Release|Any CPU = Release|Any CPU
	EndGlobalSection
	GlobalSection(ProjectConfigurationPlatforms) = postSolution
		{31F5BEDC-FC23-D526-B6AC-39C368C076EA}.Debug|Any CPU.ActiveCfg = Debug|Any CPU
		{31F5BEDC-FC23-D526-B6AC-39C368C076EA}.Debug|Any CPU.Build.0 = Debug|Any CPU
		{31F5BEDC-FC23-D526-B6AC-39C368C076EA}.Release|Any CPU.ActiveCfg = Release|Any CPU
		{31F5BEDC-FC23-D526-B6AC-39C368C076EA}.Release|Any CPU.Build.0 = Release|Any CPU
	EndGlobalSection
	GlobalSection(SolutionProperties) = preSolution
		HideSolutionNode = FALSE
	EndGlobalSection
	GlobalSection(ExtensibilityGlobals) = postSolution
		SolutionGuid = {C439A347-1A99-49C2-B076-6A7F8DC96487}
	EndGlobalSection
EndGlobal
