
Microsoft Visual Studio Solution File, Format Version 12.00
# Visual Studio Version 17
VisualStudioVersion = 17.5.002.0
MinimumVisualStudioVersion = 10.0.40219.1
Project("{2150E333-8FDC-42A3-9474-1A3956D46DE8}") = "tests", "tests", "{5EA189E3-6433-4DAC-B832-5FBF0B7D12B8}"
EndProject
Project("{9A19103F-16F7-4668-BE54-9A1E7A4F7556}") = "PlantBasedPizza.Kitchen.IntegrationTests", "tests\PlantBasedPizza.Kitchen.IntegrationTests\PlantBasedPizza.Kitchen.IntegrationTests.csproj", "{A68121F4-0007-4764-A8A6-30D590BB4DE6}"
EndProject
Project("{9A19103F-16F7-4668-BE54-9A1E7A4F7556}") = "PlantBasedPizza.Kitchen.UnitTests", "tests\PlantBasedPizza.Kitchen.UnitTests\PlantBasedPizza.Kitchen.UnitTests.csproj", "{B9E3D152-AC8F-4F31-88FB-4C644F91434E}"
EndProject
Project("{2150E333-8FDC-42A3-9474-1A3956D46DE8}") = "application", "application", "{7864F94B-A0E7-4986-8947-E4D507C132AF}"
	ProjectSection(SolutionItems) = preProject
		docker-compose-integration.yml = docker-compose-integration.yml
		docker-compose.yml = docker-compose.yml
	EndProjectSection
EndProject
Project("{9A19103F-16F7-4668-BE54-9A1E7A4F7556}") = "PlantBasedPizza.Kitchen.Worker", "application\PlantBasedPizza.Kitchen.Worker\PlantBasedPizza.Kitchen.Worker.csproj", "{70EBE558-1A12-4052-B7DC-446354C022B5}"
EndProject
Project("{9A19103F-16F7-4668-BE54-9A1E7A4F7556}") = "PlantBasedPizza.Kitchen.Infrastructure", "application\PlantBasedPizza.Kitchen.Infrastructure\PlantBasedPizza.Kitchen.Infrastructure.csproj", "{D6901331-4A40-449B-8AD5-9C96FD9D42B2}"
EndProject
Project("{9A19103F-16F7-4668-BE54-9A1E7A4F7556}") = "PlantBasedPizza.Kitchen.Core", "application\PlantBasedPizza.Kitchen.Core\PlantBasedPizza.Kitchen.Core.csproj", "{BD35EDD7-F25C-49B0-8368-BBE50927B121}"
EndProject
Project("{9A19103F-16F7-4668-BE54-9A1E7A4F7556}") = "PlantBasedPizza.Kitchen.Api", "application\PlantBasedPizza.Kitchen.Api\PlantBasedPizza.Kitchen.Api.csproj", "{51D05165-340E-44CD-B9BD-648C325221D6}"
EndProject
Project("{2150E333-8FDC-42A3-9474-1A3956D46DE8}") = "infra", "infra", "{44EDE719-C0ED-4CDF-8258-CBD17D097E67}"
EndProject
Project("{2150E333-8FDC-42A3-9474-1A3956D46DE8}") = "src", "src", "{83A45879-CAA4-4633-AD0A-5009AAACE286}"
EndProject
Project("{FAE04EC0-301F-11D3-BF4B-00C04F79EFBC}") = "Infra", "infra\src\Infra\Infra.csproj", "{0E00B806-5FCE-4476-9C73-3F1C85D9383B}"
EndProject
Project("{FAE04EC0-301F-11D3-BF4B-00C04F79EFBC}") = "TestInfrastructure", "tests\TestInfrastructure\src\TestInfrastructure\TestInfrastructure.csproj", "{9BD2D85F-E8A4-40BB-8463-89E556468D55}"
EndProject
Project("{2150E333-8FDC-42A3-9474-1A3956D46DE8}") = "shared", "shared", "{771DFC57-4080-47BE-9403-3585A10512B5}"
EndProject
Project("{FAE04EC0-301F-11D3-BF4B-00C04F79EFBC}") = "PlantBasedPizza.Shared", "..\shared\PlantBasedPizza.Shared\PlantBasedPizza.Shared.csproj", "{499A55C1-4B25-4EAA-9370-98E50F01BAEB}"
EndProject
Project("{FAE04EC0-301F-11D3-BF4B-00C04F79EFBC}") = "PlantBasedPizza.Events", "..\shared\PlantBasedPizza.Events\PlantBasedPizza.Events.csproj", "{F035A222-200E-4000-9694-26D40C94C36A}"
EndProject
Project("{FAE04EC0-301F-11D3-BF4B-00C04F79EFBC}") = "PlantBasedPizza.Infra.Constructs", "..\..\PlantBasedPizza.Infra.Constructs\PlantBasedPizza.Infra.Constructs.csproj", "{A8A43D08-0542-468D-A027-B73E646A02C2}"
EndProject
Project("{FAE04EC0-301F-11D3-BF4B-00C04F79EFBC}") = "BackgroundWorkers", "application\BackgroundWorkers\BackgroundWorkers.csproj", "{3B50DA8C-268B-452D-B623-90656A34FC71}"
EndProject
Global
	GlobalSection(SolutionConfigurationPlatforms) = preSolution
		Debug|Any CPU = Debug|Any CPU
		Release|Any CPU = Release|Any CPU
	EndGlobalSection
	GlobalSection(ProjectConfigurationPlatforms) = postSolution
		{A68121F4-0007-4764-A8A6-30D590BB4DE6}.Debug|Any CPU.ActiveCfg = Debug|Any CPU
		{A68121F4-0007-4764-A8A6-30D590BB4DE6}.Debug|Any CPU.Build.0 = Debug|Any CPU
		{A68121F4-0007-4764-A8A6-30D590BB4DE6}.Release|Any CPU.ActiveCfg = Release|Any CPU
		{A68121F4-0007-4764-A8A6-30D590BB4DE6}.Release|Any CPU.Build.0 = Release|Any CPU
		{B9E3D152-AC8F-4F31-88FB-4C644F91434E}.Debug|Any CPU.ActiveCfg = Debug|Any CPU
		{B9E3D152-AC8F-4F31-88FB-4C644F91434E}.Debug|Any CPU.Build.0 = Debug|Any CPU
		{B9E3D152-AC8F-4F31-88FB-4C644F91434E}.Release|Any CPU.ActiveCfg = Release|Any CPU
		{B9E3D152-AC8F-4F31-88FB-4C644F91434E}.Release|Any CPU.Build.0 = Release|Any CPU
		{70EBE558-1A12-4052-B7DC-446354C022B5}.Debug|Any CPU.ActiveCfg = Debug|Any CPU
		{70EBE558-1A12-4052-B7DC-446354C022B5}.Debug|Any CPU.Build.0 = Debug|Any CPU
		{70EBE558-1A12-4052-B7DC-446354C022B5}.Release|Any CPU.ActiveCfg = Release|Any CPU
		{70EBE558-1A12-4052-B7DC-446354C022B5}.Release|Any CPU.Build.0 = Release|Any CPU
		{D6901331-4A40-449B-8AD5-9C96FD9D42B2}.Debug|Any CPU.ActiveCfg = Debug|Any CPU
		{D6901331-4A40-449B-8AD5-9C96FD9D42B2}.Debug|Any CPU.Build.0 = Debug|Any CPU
		{D6901331-4A40-449B-8AD5-9C96FD9D42B2}.Release|Any CPU.ActiveCfg = Release|Any CPU
		{D6901331-4A40-449B-8AD5-9C96FD9D42B2}.Release|Any CPU.Build.0 = Release|Any CPU
		{BD35EDD7-F25C-49B0-8368-BBE50927B121}.Debug|Any CPU.ActiveCfg = Debug|Any CPU
		{BD35EDD7-F25C-49B0-8368-BBE50927B121}.Debug|Any CPU.Build.0 = Debug|Any CPU
		{BD35EDD7-F25C-49B0-8368-BBE50927B121}.Release|Any CPU.ActiveCfg = Release|Any CPU
		{BD35EDD7-F25C-49B0-8368-BBE50927B121}.Release|Any CPU.Build.0 = Release|Any CPU
		{51D05165-340E-44CD-B9BD-648C325221D6}.Debug|Any CPU.ActiveCfg = Debug|Any CPU
		{51D05165-340E-44CD-B9BD-648C325221D6}.Debug|Any CPU.Build.0 = Debug|Any CPU
		{51D05165-340E-44CD-B9BD-648C325221D6}.Release|Any CPU.ActiveCfg = Release|Any CPU
		{51D05165-340E-44CD-B9BD-648C325221D6}.Release|Any CPU.Build.0 = Release|Any CPU
		{0E00B806-5FCE-4476-9C73-3F1C85D9383B}.Debug|Any CPU.ActiveCfg = Debug|Any CPU
		{0E00B806-5FCE-4476-9C73-3F1C85D9383B}.Debug|Any CPU.Build.0 = Debug|Any CPU
		{0E00B806-5FCE-4476-9C73-3F1C85D9383B}.Release|Any CPU.ActiveCfg = Release|Any CPU
		{0E00B806-5FCE-4476-9C73-3F1C85D9383B}.Release|Any CPU.Build.0 = Release|Any CPU
		{9BD2D85F-E8A4-40BB-8463-89E556468D55}.Debug|Any CPU.ActiveCfg = Debug|Any CPU
		{9BD2D85F-E8A4-40BB-8463-89E556468D55}.Debug|Any CPU.Build.0 = Debug|Any CPU
		{9BD2D85F-E8A4-40BB-8463-89E556468D55}.Release|Any CPU.ActiveCfg = Release|Any CPU
		{9BD2D85F-E8A4-40BB-8463-89E556468D55}.Release|Any CPU.Build.0 = Release|Any CPU
		{499A55C1-4B25-4EAA-9370-98E50F01BAEB}.Debug|Any CPU.ActiveCfg = Debug|Any CPU
		{499A55C1-4B25-4EAA-9370-98E50F01BAEB}.Debug|Any CPU.Build.0 = Debug|Any CPU
		{499A55C1-4B25-4EAA-9370-98E50F01BAEB}.Release|Any CPU.ActiveCfg = Release|Any CPU
		{499A55C1-4B25-4EAA-9370-98E50F01BAEB}.Release|Any CPU.Build.0 = Release|Any CPU
		{F035A222-200E-4000-9694-26D40C94C36A}.Debug|Any CPU.ActiveCfg = Debug|Any CPU
		{F035A222-200E-4000-9694-26D40C94C36A}.Debug|Any CPU.Build.0 = Debug|Any CPU
		{F035A222-200E-4000-9694-26D40C94C36A}.Release|Any CPU.ActiveCfg = Release|Any CPU
		{F035A222-200E-4000-9694-26D40C94C36A}.Release|Any CPU.Build.0 = Release|Any CPU
		{A8A43D08-0542-468D-A027-B73E646A02C2}.Debug|Any CPU.ActiveCfg = Debug|Any CPU
		{A8A43D08-0542-468D-A027-B73E646A02C2}.Debug|Any CPU.Build.0 = Debug|Any CPU
		{A8A43D08-0542-468D-A027-B73E646A02C2}.Release|Any CPU.ActiveCfg = Release|Any CPU
		{A8A43D08-0542-468D-A027-B73E646A02C2}.Release|Any CPU.Build.0 = Release|Any CPU
		{3B50DA8C-268B-452D-B623-90656A34FC71}.Debug|Any CPU.ActiveCfg = Debug|Any CPU
		{3B50DA8C-268B-452D-B623-90656A34FC71}.Debug|Any CPU.Build.0 = Debug|Any CPU
		{3B50DA8C-268B-452D-B623-90656A34FC71}.Release|Any CPU.ActiveCfg = Release|Any CPU
		{3B50DA8C-268B-452D-B623-90656A34FC71}.Release|Any CPU.Build.0 = Release|Any CPU
	EndGlobalSection
	GlobalSection(SolutionProperties) = preSolution
		HideSolutionNode = FALSE
	EndGlobalSection
	GlobalSection(NestedProjects) = preSolution
		{A68121F4-0007-4764-A8A6-30D590BB4DE6} = {5EA189E3-6433-4DAC-B832-5FBF0B7D12B8}
		{B9E3D152-AC8F-4F31-88FB-4C644F91434E} = {5EA189E3-6433-4DAC-B832-5FBF0B7D12B8}
		{70EBE558-1A12-4052-B7DC-446354C022B5} = {7864F94B-A0E7-4986-8947-E4D507C132AF}
		{D6901331-4A40-449B-8AD5-9C96FD9D42B2} = {7864F94B-A0E7-4986-8947-E4D507C132AF}
		{BD35EDD7-F25C-49B0-8368-BBE50927B121} = {7864F94B-A0E7-4986-8947-E4D507C132AF}
		{51D05165-340E-44CD-B9BD-648C325221D6} = {7864F94B-A0E7-4986-8947-E4D507C132AF}
		{83A45879-CAA4-4633-AD0A-5009AAACE286} = {44EDE719-C0ED-4CDF-8258-CBD17D097E67}
		{0E00B806-5FCE-4476-9C73-3F1C85D9383B} = {83A45879-CAA4-4633-AD0A-5009AAACE286}
		{9BD2D85F-E8A4-40BB-8463-89E556468D55} = {5EA189E3-6433-4DAC-B832-5FBF0B7D12B8}
		{499A55C1-4B25-4EAA-9370-98E50F01BAEB} = {771DFC57-4080-47BE-9403-3585A10512B5}
		{F035A222-200E-4000-9694-26D40C94C36A} = {771DFC57-4080-47BE-9403-3585A10512B5}
		{A8A43D08-0542-468D-A027-B73E646A02C2} = {771DFC57-4080-47BE-9403-3585A10512B5}
		{3B50DA8C-268B-452D-B623-90656A34FC71} = {7864F94B-A0E7-4986-8947-E4D507C132AF}
	EndGlobalSection
	GlobalSection(ExtensibilityGlobals) = postSolution
		SolutionGuid = {87752EEE-5BFA-4930-80E4-9EAE529BC0E5}
	EndGlobalSection
EndGlobal
