
Microsoft Visual Studio Solution File, Format Version 12.00
# Visual Studio Version 17
VisualStudioVersion = 17.5.002.0
MinimumVisualStudioVersion = 10.0.40219.1
Project("{9A19103F-16F7-4668-BE54-9A1E7A4F7556}") = "PlantBasedPizza.Events", "PlantBasedPizza.Events.csproj", "{A8A6F097-1E44-4D57-AADD-705CC8F2A0FE}"
EndProject
Global
	GlobalSection(SolutionConfigurationPlatforms) = preSolution
		Debug|Any CPU = Debug|Any CPU
		Release|Any CPU = Release|Any CPU
	EndGlobalSection
	GlobalSection(ProjectConfigurationPlatforms) = postSolution
		{A8A6F097-1E44-4D57-AADD-705CC8F2A0FE}.Debug|Any CPU.ActiveCfg = Debug|Any CPU
		{A8A6F097-1E44-4D57-AADD-705CC8F2A0FE}.Debug|Any CPU.Build.0 = Debug|Any CPU
		{A8A6F097-1E44-4D57-AADD-705CC8F2A0FE}.Release|Any CPU.ActiveCfg = Release|Any CPU
		{A8A6F097-1E44-4D57-AADD-705CC8F2A0FE}.Release|Any CPU.Build.0 = Release|Any CPU
	EndGlobalSection
	GlobalSection(SolutionProperties) = preSolution
		HideSolutionNode = FALSE
	EndGlobalSection
	GlobalSection(ExtensibilityGlobals) = postSolution
		SolutionGuid = {263EFA2B-BAC9-40E6-ACAC-0C42E5441370}
	EndGlobalSection
EndGlobal
